<Solution>
  <Folder Name="/Tests/">
    <Project Path="Tests/StockMesh.Api.IntegrationTests/StockMesh.Api.IntegrationTests.csproj" />
    <Project Path="Tests/StockMesh.Domain.UnitTests/StockMesh.Domain.UnitTests.csproj" />
  </Folder>
  <Project Path="Api/Api.csproj" />
  <Project Path="Application/Application.csproj" Id="b44bab34-e063-4f4d-8021-a12180add702" />
  <Project Path="Domain/Domain.csproj" Id="1e488410-d96b-4979-9392-52fc5ed5d807" />
  <Project Path="Infrastructure/Infrastructure.csproj" Id="5198939c-a1a2-4666-b0ec-f4b354d58ee8" />
</Solution>
